
Microsoft Visual Studio Solution File, Format Version 12.00
# Visual Studio Version 16
VisualStudioVersion = 16.0.31624.102
MinimumVisualStudioVersion = 10.0.40219.1
Project("{FAE04EC0-301F-11D3-BF4B-00C04F79EFBC}") = "Rekurzija", "Rekurzija\Rekurzija.csproj", "{A6F7FBF6-696D-4FED-B766-3FDE436F3F50}"
EndProject
Global
	GlobalSection(SolutionConfigurationPlatforms) = preSolution
		Debug|Any CPU = Debug|Any CPU
		Release|Any CPU = Release|Any CPU
	EndGlobalSection
	GlobalSection(ProjectConfigurationPlatforms) = postSolution
		{A6F7FBF6-696D-4FED-B766-3FDE436F3F50}.Debug|Any CPU.ActiveCfg = Debug|Any CPU
		{A6F7FBF6-696D-4FED-B766-3FDE436F3F50}.Debug|Any CPU.Build.0 = Debug|Any CPU
		{A6F7FBF6-696D-4FED-B766-3FDE436F3F50}.Release|Any CPU.ActiveCfg = Release|Any CPU
		{A6F7FBF6-696D-4FED-B766-3FDE436F3F50}.Release|Any CPU.Build.0 = Release|Any CPU
	EndGlobalSection
	GlobalSection(SolutionProperties) = preSolution
		HideSolutionNode = FALSE
	EndGlobalSection
	GlobalSection(ExtensibilityGlobals) = postSolution
		SolutionGuid = {868DAE27-5313-4A9C-BA25-68899A9CDB7D}
	EndGlobalSection
EndGlobal
